
Microsoft Visual Studio Solution File, Format Version 12.00
# Visual Studio Version 16
VisualStudioVersion = 16.0.29920.165
MinimumVisualStudioVersion = 10.0.40219.1
Project("{FAE04EC0-301F-11D3-BF4B-00C04F79EFBC}") = "RicardoLourenco", "RicardoLourenco\RicardoLourenco.csproj", "{CF8653AF-E3BC-48CB-BEB8-8DB80B246FF3}"
EndProject
Global
	GlobalSection(SolutionConfigurationPlatforms) = preSolution
		Debug|Any CPU = Debug|Any CPU
		Release|Any CPU = Release|Any CPU
	EndGlobalSection
	GlobalSection(ProjectConfigurationPlatforms) = postSolution
		{CF8653AF-E3BC-48CB-BEB8-8DB80B246FF3}.Debug|Any CPU.ActiveCfg = Debug|Any CPU
		{CF8653AF-E3BC-48CB-BEB8-8DB80B246FF3}.Debug|Any CPU.Build.0 = Debug|Any CPU
		{CF8653AF-E3BC-48CB-BEB8-8DB80B246FF3}.Release|Any CPU.ActiveCfg = Release|Any CPU
		{CF8653AF-E3BC-48CB-BEB8-8DB80B246FF3}.Release|Any CPU.Build.0 = Release|Any CPU
	EndGlobalSection
	GlobalSection(SolutionProperties) = preSolution
		HideSolutionNode = FALSE
	EndGlobalSection
	GlobalSection(ExtensibilityGlobals) = postSolution
		SolutionGuid = {7F171A16-8882-497A-839C-B742266C2472}
	EndGlobalSection
EndGlobal
